
Microsoft Visual Studio Solution File, Format Version 12.00
# Visual Studio Version 17
VisualStudioVersion = 17.8.34525.116
MinimumVisualStudioVersion = 10.0.40219.1
Project("{2150E333-8FDC-42A3-9474-1A3956D46DE8}") = "corePackages", "corePackages", "{0E20EAA4-2A0F-4565-9ADD-5843641E5A9E}"
EndProject
Project("{2150E333-8FDC-42A3-9474-1A3956D46DE8}") = "Kodlama.io.Devs", "Kodlama.io.Devs", "{24AE8BCF-CA01-4D92-9E79-EB6E792C12A1}"
EndProject
Project("{9A19103F-16F7-4668-BE54-9A1E7A4F7556}") = "Application", "Application\Application.csproj", "{8474F2C1-F953-4492-9369-AE7C137B68BA}"
EndProject
Project("{9A19103F-16F7-4668-BE54-9A1E7A4F7556}") = "Domain", "Domain\Domain.csproj", "{874BD980-9E3E-4D08-B953-C2011D523880}"
EndProject
Project("{9A19103F-16F7-4668-BE54-9A1E7A4F7556}") = "Infrastructure", "Infrastructure\Infrastructure.csproj", "{53C7826F-1C1B-41A6-B5A0-0004F807D399}"
EndProject
Project("{9A19103F-16F7-4668-BE54-9A1E7A4F7556}") = "Persistence", "Persistence\Persistence.csproj", "{571A55DA-CBE2-412F-8129-74EB89F3AFD8}"
EndProject
Project("{9A19103F-16F7-4668-BE54-9A1E7A4F7556}") = "WebAPI", "WebAPI\WebAPI.csproj", "{E82CE47A-2E70-4911-8E86-04102CD186FC}"
EndProject
Project("{9A19103F-16F7-4668-BE54-9A1E7A4F7556}") = "Core.Application", "corePackages\Core.Application\Core.Application.csproj", "{C6044E6D-8935-461F-AE88-C338727A8C74}"
EndProject
Project("{9A19103F-16F7-4668-BE54-9A1E7A4F7556}") = "Core.CrossCuttingConcerns", "corePackages\Core.CrossCuttingConcers\Core.CrossCuttingConcerns.csproj", "{D3CF8D66-F9D0-40F2-B83C-B0275403E14D}"
EndProject
Project("{9A19103F-16F7-4668-BE54-9A1E7A4F7556}") = "Core.ElasticSearch", "corePackages\Core.ElasticSearch\Core.ElasticSearch.csproj", "{893E09B8-4874-4F0F-8016-08F85810B490}"
EndProject
Project("{9A19103F-16F7-4668-BE54-9A1E7A4F7556}") = "Core.Persistence", "corePackages\Core.Persistence\Core.Persistence.csproj", "{539474E3-A92C-4032-ADF4-5BDB28963470}"
EndProject
Project("{9A19103F-16F7-4668-BE54-9A1E7A4F7556}") = "Core.Security", "corePackages\Core.Security\Core.Security.csproj", "{2957E1B1-113E-447F-8F24-99E4BCDA9233}"
EndProject
Project("{9A19103F-16F7-4668-BE54-9A1E7A4F7556}") = "Core.Mailing", "corePackages\Core.Mailing\Core.Mailing.csproj", "{17A36CAC-93E5-4769-B16A-3B8491936873}"
EndProject
Global
	GlobalSection(SolutionConfigurationPlatforms) = preSolution
		Debug|Any CPU = Debug|Any CPU
		Release|Any CPU = Release|Any CPU
	EndGlobalSection
	GlobalSection(ProjectConfigurationPlatforms) = postSolution
		{8474F2C1-F953-4492-9369-AE7C137B68BA}.Debug|Any CPU.ActiveCfg = Debug|Any CPU
		{8474F2C1-F953-4492-9369-AE7C137B68BA}.Debug|Any CPU.Build.0 = Debug|Any CPU
		{8474F2C1-F953-4492-9369-AE7C137B68BA}.Release|Any CPU.ActiveCfg = Release|Any CPU
		{8474F2C1-F953-4492-9369-AE7C137B68BA}.Release|Any CPU.Build.0 = Release|Any CPU
		{874BD980-9E3E-4D08-B953-C2011D523880}.Debug|Any CPU.ActiveCfg = Debug|Any CPU
		{874BD980-9E3E-4D08-B953-C2011D523880}.Debug|Any CPU.Build.0 = Debug|Any CPU
		{874BD980-9E3E-4D08-B953-C2011D523880}.Release|Any CPU.ActiveCfg = Release|Any CPU
		{874BD980-9E3E-4D08-B953-C2011D523880}.Release|Any CPU.Build.0 = Release|Any CPU
		{53C7826F-1C1B-41A6-B5A0-0004F807D399}.Debug|Any CPU.ActiveCfg = Debug|Any CPU
		{53C7826F-1C1B-41A6-B5A0-0004F807D399}.Debug|Any CPU.Build.0 = Debug|Any CPU
		{53C7826F-1C1B-41A6-B5A0-0004F807D399}.Release|Any CPU.ActiveCfg = Release|Any CPU
		{53C7826F-1C1B-41A6-B5A0-0004F807D399}.Release|Any CPU.Build.0 = Release|Any CPU
		{571A55DA-CBE2-412F-8129-74EB89F3AFD8}.Debug|Any CPU.ActiveCfg = Debug|Any CPU
		{571A55DA-CBE2-412F-8129-74EB89F3AFD8}.Debug|Any CPU.Build.0 = Debug|Any CPU
		{571A55DA-CBE2-412F-8129-74EB89F3AFD8}.Release|Any CPU.ActiveCfg = Release|Any CPU
		{571A55DA-CBE2-412F-8129-74EB89F3AFD8}.Release|Any CPU.Build.0 = Release|Any CPU
		{E82CE47A-2E70-4911-8E86-04102CD186FC}.Debug|Any CPU.ActiveCfg = Debug|Any CPU
		{E82CE47A-2E70-4911-8E86-04102CD186FC}.Debug|Any CPU.Build.0 = Debug|Any CPU
		{E82CE47A-2E70-4911-8E86-04102CD186FC}.Release|Any CPU.ActiveCfg = Release|Any CPU
		{E82CE47A-2E70-4911-8E86-04102CD186FC}.Release|Any CPU.Build.0 = Release|Any CPU
		{C6044E6D-8935-461F-AE88-C338727A8C74}.Debug|Any CPU.ActiveCfg = Debug|Any CPU
		{C6044E6D-8935-461F-AE88-C338727A8C74}.Debug|Any CPU.Build.0 = Debug|Any CPU
		{C6044E6D-8935-461F-AE88-C338727A8C74}.Release|Any CPU.ActiveCfg = Release|Any CPU
		{C6044E6D-8935-461F-AE88-C338727A8C74}.Release|Any CPU.Build.0 = Release|Any CPU
		{D3CF8D66-F9D0-40F2-B83C-B0275403E14D}.Debug|Any CPU.ActiveCfg = Debug|Any CPU
		{D3CF8D66-F9D0-40F2-B83C-B0275403E14D}.Debug|Any CPU.Build.0 = Debug|Any CPU
		{D3CF8D66-F9D0-40F2-B83C-B0275403E14D}.Release|Any CPU.ActiveCfg = Release|Any CPU
		{D3CF8D66-F9D0-40F2-B83C-B0275403E14D}.Release|Any CPU.Build.0 = Release|Any CPU
		{893E09B8-4874-4F0F-8016-08F85810B490}.Debug|Any CPU.ActiveCfg = Debug|Any CPU
		{893E09B8-4874-4F0F-8016-08F85810B490}.Debug|Any CPU.Build.0 = Debug|Any CPU
		{893E09B8-4874-4F0F-8016-08F85810B490}.Release|Any CPU.ActiveCfg = Release|Any CPU
		{893E09B8-4874-4F0F-8016-08F85810B490}.Release|Any CPU.Build.0 = Release|Any CPU
		{539474E3-A92C-4032-ADF4-5BDB28963470}.Debug|Any CPU.ActiveCfg = Debug|Any CPU
		{539474E3-A92C-4032-ADF4-5BDB28963470}.Debug|Any CPU.Build.0 = Debug|Any CPU
		{539474E3-A92C-4032-ADF4-5BDB28963470}.Release|Any CPU.ActiveCfg = Release|Any CPU
		{539474E3-A92C-4032-ADF4-5BDB28963470}.Release|Any CPU.Build.0 = Release|Any CPU
		{2957E1B1-113E-447F-8F24-99E4BCDA9233}.Debug|Any CPU.ActiveCfg = Debug|Any CPU
		{2957E1B1-113E-447F-8F24-99E4BCDA9233}.Debug|Any CPU.Build.0 = Debug|Any CPU
		{2957E1B1-113E-447F-8F24-99E4BCDA9233}.Release|Any CPU.ActiveCfg = Release|Any CPU
		{2957E1B1-113E-447F-8F24-99E4BCDA9233}.Release|Any CPU.Build.0 = Release|Any CPU
		{17A36CAC-93E5-4769-B16A-3B8491936873}.Debug|Any CPU.ActiveCfg = Debug|Any CPU
		{17A36CAC-93E5-4769-B16A-3B8491936873}.Debug|Any CPU.Build.0 = Debug|Any CPU
		{17A36CAC-93E5-4769-B16A-3B8491936873}.Release|Any CPU.ActiveCfg = Release|Any CPU
		{17A36CAC-93E5-4769-B16A-3B8491936873}.Release|Any CPU.Build.0 = Release|Any CPU
	EndGlobalSection
	GlobalSection(SolutionProperties) = preSolution
		HideSolutionNode = FALSE
	EndGlobalSection
	GlobalSection(NestedProjects) = preSolution
		{8474F2C1-F953-4492-9369-AE7C137B68BA} = {24AE8BCF-CA01-4D92-9E79-EB6E792C12A1}
		{874BD980-9E3E-4D08-B953-C2011D523880} = {24AE8BCF-CA01-4D92-9E79-EB6E792C12A1}
		{53C7826F-1C1B-41A6-B5A0-0004F807D399} = {24AE8BCF-CA01-4D92-9E79-EB6E792C12A1}
		{571A55DA-CBE2-412F-8129-74EB89F3AFD8} = {24AE8BCF-CA01-4D92-9E79-EB6E792C12A1}
		{E82CE47A-2E70-4911-8E86-04102CD186FC} = {24AE8BCF-CA01-4D92-9E79-EB6E792C12A1}
		{C6044E6D-8935-461F-AE88-C338727A8C74} = {0E20EAA4-2A0F-4565-9ADD-5843641E5A9E}
		{D3CF8D66-F9D0-40F2-B83C-B0275403E14D} = {0E20EAA4-2A0F-4565-9ADD-5843641E5A9E}
		{893E09B8-4874-4F0F-8016-08F85810B490} = {0E20EAA4-2A0F-4565-9ADD-5843641E5A9E}
		{539474E3-A92C-4032-ADF4-5BDB28963470} = {0E20EAA4-2A0F-4565-9ADD-5843641E5A9E}
		{2957E1B1-113E-447F-8F24-99E4BCDA9233} = {0E20EAA4-2A0F-4565-9ADD-5843641E5A9E}
		{17A36CAC-93E5-4769-B16A-3B8491936873} = {0E20EAA4-2A0F-4565-9ADD-5843641E5A9E}
	EndGlobalSection
	GlobalSection(ExtensibilityGlobals) = postSolution
		SolutionGuid = {B3E33CA3-F1D7-42AF-B498-5895F06CF048}
	EndGlobalSection
EndGlobal
